// !$*UTF8*$!
{
	archiveVersion = 1;
	classes = {
	};
	objectVersion = 42;
	objects = {

/* Begin PBXBuildFile section */
		382C5CAF10B5F51A0081E97D /* MaxAPI.framework in Frameworks */ = {isa = PBXBuildFile; fileRef = 382C5C2D10B5F1CF0081E97D /* MaxAPI.framework */; };
		38A0A17010B5FD3D00E4CF62 /* MaxV8~.cc in Sources */ = {isa = PBXBuildFile; fileRef = 38A0A16F10B5FD3D00E4CF62 /* MaxV8~.cc */; };
		38A0A17410B5FD5700E4CF62 /* MaxAudioAPI.framework in Frameworks */ = {isa = PBXBuildFile; fileRef = 382C5C2E10B5F1CF0081E97D /* MaxAudioAPI.framework */; };
		38B460A612F2821B006C84EC /* libv8.a in Frameworks */ = {isa = PBXBuildFile; fileRef = 38EB658D12C9F6020070A7A8 /* libv8.a */; };
		38EB65A012C9F75D0070A7A8 /* main.cc in Sources */ = {isa = PBXBuildFile; fileRef = 38EB659F12C9F75D0070A7A8 /* main.cc */; };
/* End PBXBuildFile section */

/* Begin PBXFileReference section */
		382C5C1A10B5F15E0081E97D /* maxmspsdk-debug.xcconfig */ = {isa = PBXFileReference; fileEncoding = 4; lastKnownFileType = text.xcconfig; path = "maxmspsdk-debug.xcconfig"; sourceTree = "<group>"; };
		382C5C1B10B5F15E0081E97D /* maxmspsdk-release.xcconfig */ = {isa = PBXFileReference; fileEncoding = 4; lastKnownFileType = text.xcconfig; path = "maxmspsdk-release.xcconfig"; sourceTree = "<group>"; };
		382C5C2D10B5F1CF0081E97D /* MaxAPI.framework */ = {isa = PBXFileReference; lastKnownFileType = wrapper.framework; name = MaxAPI.framework; path = /Library/Frameworks/MaxAPI.framework; sourceTree = "<absolute>"; };
		382C5C2E10B5F1CF0081E97D /* MaxAudioAPI.framework */ = {isa = PBXFileReference; lastKnownFileType = wrapper.framework; name = MaxAudioAPI.framework; path = /Library/Frameworks/MaxAudioAPI.framework; sourceTree = "<absolute>"; };
		382C5C3710B5F1D70081E97D /* v8~.mxo */ = {isa = PBXFileReference; explicitFileType = wrapper.cfbundle; includeInIndex = 0; path = "v8~.mxo"; sourceTree = BUILT_PRODUCTS_DIR; };
		38A0A16F10B5FD3D00E4CF62 /* MaxV8~.cc */ = {isa = PBXFileReference; fileEncoding = 4; lastKnownFileType = sourcecode.cpp.cpp; path = "MaxV8~.cc"; sourceTree = "<group>"; };
		38EB656712C9EE380070A7A8 /* MaxV8~.h */ = {isa = PBXFileReference; fileEncoding = 4; lastKnownFileType = sourcecode.c.h; path = "MaxV8~.h"; sourceTree = "<group>"; };
		38EB658D12C9F6020070A7A8 /* libv8.a */ = {isa = PBXFileReference; lastKnownFileType = archive.ar; name = libv8.a; path = ../lib/v8/libv8.a; sourceTree = "<group>"; };
		38EB659F12C9F75D0070A7A8 /* main.cc */ = {isa = PBXFileReference; fileEncoding = 4; lastKnownFileType = sourcecode.cpp.cpp; path = main.cc; sourceTree = "<group>"; };
/* End PBXFileReference section */

/* Begin PBXFrameworksBuildPhase section */
		382C5C3510B5F1D70081E97D /* Frameworks */ = {
			isa = PBXFrameworksBuildPhase;
			buildActionMask = 2147483647;
			files = (
				38B460A612F2821B006C84EC /* libv8.a in Frameworks */,
				38A0A17410B5FD5700E4CF62 /* MaxAudioAPI.framework in Frameworks */,
				382C5CAF10B5F51A0081E97D /* MaxAPI.framework in Frameworks */,
			);
			runOnlyForDeploymentPostprocessing = 0;
		};
/* End PBXFrameworksBuildPhase section */

/* Begin PBXGroup section */
		382C5C0610B5F11A0081E97D = {
			isa = PBXGroup;
			children = (
				382C5C1C10B5F1670081E97D /* Source */,
				382C5C2610B5F1820081E97D /* External Frameworks and Libraries */,
				382C5C1A10B5F15E0081E97D /* maxmspsdk-debug.xcconfig */,
				382C5C1B10B5F15E0081E97D /* maxmspsdk-release.xcconfig */,
				382C5C3810B5F1D70081E97D /* Products */,
			);
			sourceTree = "<group>";
		};
		382C5C1C10B5F1670081E97D /* Source */ = {
			isa = PBXGroup;
			children = (
				38A0A16F10B5FD3D00E4CF62 /* MaxV8~.cc */,
				38EB656712C9EE380070A7A8 /* MaxV8~.h */,
				38EB659F12C9F75D0070A7A8 /* main.cc */,
			);
			name = Source;
			path = ../src;
			sourceTree = "<group>";
		};
		382C5C2610B5F1820081E97D /* External Frameworks and Libraries */ = {
			isa = PBXGroup;
			children = (
				38EB658D12C9F6020070A7A8 /* libv8.a */,
				382C5C2D10B5F1CF0081E97D /* MaxAPI.framework */,
				382C5C2E10B5F1CF0081E97D /* MaxAudioAPI.framework */,
			);
			name = "External Frameworks and Libraries";
			sourceTree = "<group>";
		};
		382C5C3810B5F1D70081E97D /* Products */ = {
			isa = PBXGroup;
			children = (
				382C5C3710B5F1D70081E97D /* v8~.mxo */,
			);
			name = Products;
			sourceTree = "<group>";
		};
/* End PBXGroup section */

/* Begin PBXNativeTarget section */
		382C5C3610B5F1D70081E97D /* v8~ */ = {
			isa = PBXNativeTarget;
			buildConfigurationList = 382C5C3C10B5F1D80081E97D /* Build configuration list for PBXNativeTarget "v8~" */;
			buildPhases = (
				382C5C3310B5F1D70081E97D /* Resources */,
				382C5C3410B5F1D70081E97D /* Sources */,
				382C5C3510B5F1D70081E97D /* Frameworks */,
			);
			buildRules = (
			);
			dependencies = (
			);
			name = "v8~";
			productName = "v8~";
			productReference = 382C5C3710B5F1D70081E97D /* v8~.mxo */;
			productType = "com.apple.product-type.bundle";
		};
/* End PBXNativeTarget section */

/* Begin PBXProject section */
		382C5C0810B5F11A0081E97D /* Project object */ = {
			isa = PBXProject;
			buildConfigurationList = 382C5C0B10B5F11A0081E97D /* Build configuration list for PBXProject "v8~" */;
			compatibilityVersion = "Xcode 2.4";
			developmentRegion = English;
			hasScannedForEncodings = 0;
			knownRegions = (
				English,
				Japanese,
				French,
				German,
			);
			mainGroup = 382C5C0610B5F11A0081E97D;
			productRefGroup = 382C5C3810B5F1D70081E97D /* Products */;
			projectDirPath = "";
			projectRoot = "";
			targets = (
				382C5C3610B5F1D70081E97D /* v8~ */,
			);
		};
/* End PBXProject section */

/* Begin PBXResourcesBuildPhase section */
		382C5C3310B5F1D70081E97D /* Resources */ = {
			isa = PBXResourcesBuildPhase;
			buildActionMask = 2147483647;
			files = (
			);
			runOnlyForDeploymentPostprocessing = 0;
		};
/* End PBXResourcesBuildPhase section */

/* Begin PBXSourcesBuildPhase section */
		382C5C3410B5F1D70081E97D /* Sources */ = {
			isa = PBXSourcesBuildPhase;
			buildActionMask = 2147483647;
			files = (
				38A0A17010B5FD3D00E4CF62 /* MaxV8~.cc in Sources */,
				38EB65A012C9F75D0070A7A8 /* main.cc in Sources */,
			);
			runOnlyForDeploymentPostprocessing = 0;
		};
/* End PBXSourcesBuildPhase section */

/* Begin XCBuildConfiguration section */
		382C5C0910B5F11A0081E97D /* Debug */ = {
			isa = XCBuildConfiguration;
			buildSettings = {
				ALWAYS_SEARCH_USER_PATHS = YES;
				COPY_PHASE_STRIP = NO;
				LIBRARY_SEARCH_PATHS = "$(SRCROOT)/../Libs/**";
				USER_HEADER_SEARCH_PATHS = "$(SRCROOT)/../Libs";
			};
			name = Debug;
		};
		382C5C0A10B5F11A0081E97D /* Release */ = {
			isa = XCBuildConfiguration;
			buildSettings = {
				ALWAYS_SEARCH_USER_PATHS = YES;
				COPY_PHASE_STRIP = YES;
				LIBRARY_SEARCH_PATHS = "$(SRCROOT)/../Libs/**";
				USER_HEADER_SEARCH_PATHS = "$(SRCROOT)/../Libs";
			};
			name = Release;
		};
		382C5C3A10B5F1D80081E97D /* Debug */ = {
			isa = XCBuildConfiguration;
			baseConfigurationReference = 382C5C1A10B5F15E0081E97D /* maxmspsdk-debug.xcconfig */;
			buildSettings = {
				ARCHS = i386;
				LIBRARY_SEARCH_PATHS = "$(SRCROOT)/../lib/**";
				USER_HEADER_SEARCH_PATHS = "$(SRCROOT)/../lib";
				VALID_ARCHS = i386;
			};
			name = Debug;
		};
		382C5C3B10B5F1D80081E97D /* Release */ = {
			isa = XCBuildConfiguration;
			baseConfigurationReference = 382C5C1B10B5F15E0081E97D /* maxmspsdk-release.xcconfig */;
			buildSettings = {
				ARCHS = i386;
				LIBRARY_SEARCH_PATHS = "$(SRCROOT)/../lib/**";
				USER_HEADER_SEARCH_PATHS = "$(SRCROOT)/../lib";
				VALID_ARCHS = i386;
			};
			name = Release;
		};
/* End XCBuildConfiguration section */

/* Begin XCConfigurationList section */
		382C5C0B10B5F11A0081E97D /* Build configuration list for PBXProject "v8~" */ = {
			isa = XCConfigurationList;
			buildConfigurations = (
				382C5C0910B5F11A0081E97D /* Debug */,
				382C5C0A10B5F11A0081E97D /* Release */,
			);
			defaultConfigurationIsVisible = 0;
			defaultConfigurationName = Release;
		};
		382C5C3C10B5F1D80081E97D /* Build configuration list for PBXNativeTarget "v8~" */ = {
			isa = XCConfigurationList;
			buildConfigurations = (
				382C5C3A10B5F1D80081E97D /* Debug */,
				382C5C3B10B5F1D80081E97D /* Release */,
			);
			defaultConfigurationIsVisible = 0;
			defaultConfigurationName = Release;
		};
/* End XCConfigurationList section */
	};
	rootObject = 382C5C0810B5F11A0081E97D /* Project object */;
}
